
Microsoft Visual Studio Solution File, Format Version 12.00
# Visual Studio Version 17
VisualStudioVersion = 17.14.36429.23
MinimumVisualStudioVersion = 10.0.40219.1
Project("{FAE04EC0-301F-11D3-BF4B-00C04F79EFBC}") = "CalorieCore", "CalorieCore\CalorieCore.csproj", "{8BB7B1FB-6329-F14D-A29A-D58B26E9D05F}"
EndProject
Global
	GlobalSection(SolutionConfigurationPlatforms) = preSolution
		Debug|Any CPU = Debug|Any CPU
		Release|Any CPU = Release|Any CPU
	EndGlobalSection
	GlobalSection(ProjectConfigurationPlatforms) = postSolution
		{8BB7B1FB-6329-F14D-A29A-D58B26E9D05F}.Debug|Any CPU.ActiveCfg = Debug|Any CPU
		{8BB7B1FB-6329-F14D-A29A-D58B26E9D05F}.Debug|Any CPU.Build.0 = Debug|Any CPU
		{8BB7B1FB-6329-F14D-A29A-D58B26E9D05F}.Release|Any CPU.ActiveCfg = Release|Any CPU
		{8BB7B1FB-6329-F14D-A29A-D58B26E9D05F}.Release|Any CPU.Build.0 = Release|Any CPU
	EndGlobalSection
	GlobalSection(SolutionProperties) = preSolution
		HideSolutionNode = FALSE
	EndGlobalSection
	GlobalSection(ExtensibilityGlobals) = postSolution
		SolutionGuid = {BC83364D-6FD9-4569-A46A-3F214D4AFA11}
	EndGlobalSection
EndGlobal
